
Microsoft Visual Studio Solution File, Format Version 12.00
# Visual Studio 15
Project("{FAE04EC0-301F-11D3-BF4B-00C04F79EFBC}") = "MiUniversalApp.Android", "MiUniversalApp.Android\MiUniversalApp.Android.csproj", "{02A61944-D6EC-4745-BFD5-13A0B0C8475E}"
EndProject
Project("{FAE04EC0-301F-11D3-BF4B-00C04F79EFBC}") = "MiUniversalApp.iOS", "MiUniversalApp.iOS\MiUniversalApp.iOS.csproj", "{2AE8FE07-64D3-416F-9F1A-8944B2BA0D40}"
EndProject
Project("{FAE04EC0-301F-11D3-BF4B-00C04F79EFBC}") = "MiUniversalApp", "MiUniversalApp\MiUniversalApp.csproj", "{09775F5C-2EE0-49CD-B006-EC79EEE83660}"
EndProject
Global
	GlobalSection(SolutionConfigurationPlatforms) = preSolution
		Debug|Any CPU = Debug|Any CPU
		Release|Any CPU = Release|Any CPU
		Debug|iPhoneSimulator = Debug|iPhoneSimulator
		Release|iPhoneSimulator = Release|iPhoneSimulator
		Debug|iPhone = Debug|iPhone
		Release|iPhone = Release|iPhone
	EndGlobalSection
	GlobalSection(ProjectConfigurationPlatforms) = postSolution
		{02A61944-D6EC-4745-BFD5-13A0B0C8475E}.Debug|Any CPU.ActiveCfg = Debug|Any CPU
		{02A61944-D6EC-4745-BFD5-13A0B0C8475E}.Debug|Any CPU.Build.0 = Debug|Any CPU
		{02A61944-D6EC-4745-BFD5-13A0B0C8475E}.Release|Any CPU.ActiveCfg = Release|Any CPU
		{02A61944-D6EC-4745-BFD5-13A0B0C8475E}.Release|Any CPU.Build.0 = Release|Any CPU
		{02A61944-D6EC-4745-BFD5-13A0B0C8475E}.Debug|iPhoneSimulator.ActiveCfg = Debug|Any CPU
		{02A61944-D6EC-4745-BFD5-13A0B0C8475E}.Debug|iPhoneSimulator.Build.0 = Debug|Any CPU
		{02A61944-D6EC-4745-BFD5-13A0B0C8475E}.Release|iPhoneSimulator.ActiveCfg = Release|Any CPU
		{02A61944-D6EC-4745-BFD5-13A0B0C8475E}.Release|iPhoneSimulator.Build.0 = Release|Any CPU
		{02A61944-D6EC-4745-BFD5-13A0B0C8475E}.Debug|iPhone.ActiveCfg = Debug|Any CPU
		{02A61944-D6EC-4745-BFD5-13A0B0C8475E}.Debug|iPhone.Build.0 = Debug|Any CPU
		{02A61944-D6EC-4745-BFD5-13A0B0C8475E}.Release|iPhone.ActiveCfg = Release|Any CPU
		{02A61944-D6EC-4745-BFD5-13A0B0C8475E}.Release|iPhone.Build.0 = Release|Any CPU
		{2AE8FE07-64D3-416F-9F1A-8944B2BA0D40}.Debug|Any CPU.ActiveCfg = Debug|iPhoneSimulator
		{2AE8FE07-64D3-416F-9F1A-8944B2BA0D40}.Debug|Any CPU.Build.0 = Debug|iPhoneSimulator
		{2AE8FE07-64D3-416F-9F1A-8944B2BA0D40}.Release|Any CPU.ActiveCfg = Release|iPhoneSimulator
		{2AE8FE07-64D3-416F-9F1A-8944B2BA0D40}.Release|Any CPU.Build.0 = Release|iPhoneSimulator
		{2AE8FE07-64D3-416F-9F1A-8944B2BA0D40}.Debug|iPhoneSimulator.ActiveCfg = Debug|iPhoneSimulator
		{2AE8FE07-64D3-416F-9F1A-8944B2BA0D40}.Debug|iPhoneSimulator.Build.0 = Debug|iPhoneSimulator
		{2AE8FE07-64D3-416F-9F1A-8944B2BA0D40}.Release|iPhoneSimulator.ActiveCfg = Release|iPhoneSimulator
		{2AE8FE07-64D3-416F-9F1A-8944B2BA0D40}.Release|iPhoneSimulator.Build.0 = Release|iPhoneSimulator
		{2AE8FE07-64D3-416F-9F1A-8944B2BA0D40}.Debug|iPhone.ActiveCfg = Debug|iPhone
		{2AE8FE07-64D3-416F-9F1A-8944B2BA0D40}.Debug|iPhone.Build.0 = Debug|iPhone
		{2AE8FE07-64D3-416F-9F1A-8944B2BA0D40}.Release|iPhone.ActiveCfg = Release|iPhone
		{2AE8FE07-64D3-416F-9F1A-8944B2BA0D40}.Release|iPhone.Build.0 = Release|iPhone
		{09775F5C-2EE0-49CD-B006-EC79EEE83660}.Debug|Any CPU.ActiveCfg = Debug|Any CPU
		{09775F5C-2EE0-49CD-B006-EC79EEE83660}.Debug|Any CPU.Build.0 = Debug|Any CPU
		{09775F5C-2EE0-49CD-B006-EC79EEE83660}.Release|Any CPU.ActiveCfg = Release|Any CPU
		{09775F5C-2EE0-49CD-B006-EC79EEE83660}.Release|Any CPU.Build.0 = Release|Any CPU
		{09775F5C-2EE0-49CD-B006-EC79EEE83660}.Debug|iPhoneSimulator.ActiveCfg = Debug|Any CPU
		{09775F5C-2EE0-49CD-B006-EC79EEE83660}.Debug|iPhoneSimulator.Build.0 = Debug|Any CPU
		{09775F5C-2EE0-49CD-B006-EC79EEE83660}.Release|iPhoneSimulator.ActiveCfg = Release|Any CPU
		{09775F5C-2EE0-49CD-B006-EC79EEE83660}.Release|iPhoneSimulator.Build.0 = Release|Any CPU
		{09775F5C-2EE0-49CD-B006-EC79EEE83660}.Debug|iPhone.ActiveCfg = Debug|Any CPU
		{09775F5C-2EE0-49CD-B006-EC79EEE83660}.Debug|iPhone.Build.0 = Debug|Any CPU
		{09775F5C-2EE0-49CD-B006-EC79EEE83660}.Release|iPhone.ActiveCfg = Release|Any CPU
		{09775F5C-2EE0-49CD-B006-EC79EEE83660}.Release|iPhone.Build.0 = Release|Any CPU
	EndGlobalSection
EndGlobal
