
Microsoft Visual Studio Solution File, Format Version 12.00
# Visual Studio 2012
Project("{FAE04EC0-301F-11D3-BF4B-00C04F79EFBC}") = "MasterPageSample.Android", "MasterPageSample.Android\MasterPageSample.Android.csproj", "{A7C0438A-6210-4575-9E67-DF46377A2708}"
EndProject
Project("{FAE04EC0-301F-11D3-BF4B-00C04F79EFBC}") = "MasterPageSample.iOS", "MasterPageSample.iOS\MasterPageSample.iOS.csproj", "{828DC9A5-ACEF-43C0-973E-06740293654D}"
EndProject
Project("{FAE04EC0-301F-11D3-BF4B-00C04F79EFBC}") = "MasterPageSample", "MasterPageSample\MasterPageSample.csproj", "{BE4A18DD-CBCB-4060-825F-4E9BD821015D}"
EndProject
Global
	GlobalSection(SolutionConfigurationPlatforms) = preSolution
		Debug|Any CPU = Debug|Any CPU
		Release|Any CPU = Release|Any CPU
		Debug|iPhoneSimulator = Debug|iPhoneSimulator
		Release|iPhoneSimulator = Release|iPhoneSimulator
		Debug|iPhone = Debug|iPhone
		Release|iPhone = Release|iPhone
		Ad-Hoc|iPhone = Ad-Hoc|iPhone
		AppStore|iPhone = AppStore|iPhone
	EndGlobalSection
	GlobalSection(ProjectConfigurationPlatforms) = postSolution
		{A7C0438A-6210-4575-9E67-DF46377A2708}.Debug|Any CPU.ActiveCfg = Debug|Any CPU
		{A7C0438A-6210-4575-9E67-DF46377A2708}.Debug|Any CPU.Build.0 = Debug|Any CPU
		{A7C0438A-6210-4575-9E67-DF46377A2708}.Release|Any CPU.ActiveCfg = Release|Any CPU
		{A7C0438A-6210-4575-9E67-DF46377A2708}.Release|Any CPU.Build.0 = Release|Any CPU
		{A7C0438A-6210-4575-9E67-DF46377A2708}.Debug|iPhoneSimulator.ActiveCfg = Debug|Any CPU
		{A7C0438A-6210-4575-9E67-DF46377A2708}.Debug|iPhoneSimulator.Build.0 = Debug|Any CPU
		{A7C0438A-6210-4575-9E67-DF46377A2708}.Release|iPhoneSimulator.ActiveCfg = Release|Any CPU
		{A7C0438A-6210-4575-9E67-DF46377A2708}.Release|iPhoneSimulator.Build.0 = Release|Any CPU
		{A7C0438A-6210-4575-9E67-DF46377A2708}.Debug|iPhone.ActiveCfg = Debug|Any CPU
		{A7C0438A-6210-4575-9E67-DF46377A2708}.Debug|iPhone.Build.0 = Debug|Any CPU
		{A7C0438A-6210-4575-9E67-DF46377A2708}.Release|iPhone.ActiveCfg = Release|Any CPU
		{A7C0438A-6210-4575-9E67-DF46377A2708}.Release|iPhone.Build.0 = Release|Any CPU
		{A7C0438A-6210-4575-9E67-DF46377A2708}.Ad-Hoc|iPhone.ActiveCfg = Debug|Any CPU
		{A7C0438A-6210-4575-9E67-DF46377A2708}.Ad-Hoc|iPhone.Build.0 = Debug|Any CPU
		{A7C0438A-6210-4575-9E67-DF46377A2708}.AppStore|iPhone.ActiveCfg = Debug|Any CPU
		{A7C0438A-6210-4575-9E67-DF46377A2708}.AppStore|iPhone.Build.0 = Debug|Any CPU
		{828DC9A5-ACEF-43C0-973E-06740293654D}.Debug|Any CPU.ActiveCfg = Debug|iPhoneSimulator
		{828DC9A5-ACEF-43C0-973E-06740293654D}.Debug|Any CPU.Build.0 = Debug|iPhoneSimulator
		{828DC9A5-ACEF-43C0-973E-06740293654D}.Release|Any CPU.ActiveCfg = Release|iPhoneSimulator
		{828DC9A5-ACEF-43C0-973E-06740293654D}.Release|Any CPU.Build.0 = Release|iPhoneSimulator
		{828DC9A5-ACEF-43C0-973E-06740293654D}.Debug|iPhoneSimulator.ActiveCfg = Debug|iPhoneSimulator
		{828DC9A5-ACEF-43C0-973E-06740293654D}.Debug|iPhoneSimulator.Build.0 = Debug|iPhoneSimulator
		{828DC9A5-ACEF-43C0-973E-06740293654D}.Release|iPhoneSimulator.ActiveCfg = Release|iPhoneSimulator
		{828DC9A5-ACEF-43C0-973E-06740293654D}.Release|iPhoneSimulator.Build.0 = Release|iPhoneSimulator
		{828DC9A5-ACEF-43C0-973E-06740293654D}.Debug|iPhone.ActiveCfg = Debug|iPhone
		{828DC9A5-ACEF-43C0-973E-06740293654D}.Debug|iPhone.Build.0 = Debug|iPhone
		{828DC9A5-ACEF-43C0-973E-06740293654D}.Release|iPhone.ActiveCfg = Release|iPhone
		{828DC9A5-ACEF-43C0-973E-06740293654D}.Release|iPhone.Build.0 = Release|iPhone
		{828DC9A5-ACEF-43C0-973E-06740293654D}.Ad-Hoc|iPhone.ActiveCfg = Ad-Hoc|iPhone
		{828DC9A5-ACEF-43C0-973E-06740293654D}.Ad-Hoc|iPhone.Build.0 = Ad-Hoc|iPhone
		{828DC9A5-ACEF-43C0-973E-06740293654D}.AppStore|iPhone.ActiveCfg = AppStore|iPhone
		{828DC9A5-ACEF-43C0-973E-06740293654D}.AppStore|iPhone.Build.0 = AppStore|iPhone
		{BE4A18DD-CBCB-4060-825F-4E9BD821015D}.Debug|Any CPU.ActiveCfg = Debug|Any CPU
		{BE4A18DD-CBCB-4060-825F-4E9BD821015D}.Debug|Any CPU.Build.0 = Debug|Any CPU
		{BE4A18DD-CBCB-4060-825F-4E9BD821015D}.Release|Any CPU.ActiveCfg = Release|Any CPU
		{BE4A18DD-CBCB-4060-825F-4E9BD821015D}.Release|Any CPU.Build.0 = Release|Any CPU
		{BE4A18DD-CBCB-4060-825F-4E9BD821015D}.Debug|iPhoneSimulator.ActiveCfg = Debug|Any CPU
		{BE4A18DD-CBCB-4060-825F-4E9BD821015D}.Debug|iPhoneSimulator.Build.0 = Debug|Any CPU
		{BE4A18DD-CBCB-4060-825F-4E9BD821015D}.Release|iPhoneSimulator.ActiveCfg = Release|Any CPU
		{BE4A18DD-CBCB-4060-825F-4E9BD821015D}.Release|iPhoneSimulator.Build.0 = Release|Any CPU
		{BE4A18DD-CBCB-4060-825F-4E9BD821015D}.Debug|iPhone.ActiveCfg = Debug|Any CPU
		{BE4A18DD-CBCB-4060-825F-4E9BD821015D}.Debug|iPhone.Build.0 = Debug|Any CPU
		{BE4A18DD-CBCB-4060-825F-4E9BD821015D}.Release|iPhone.ActiveCfg = Release|Any CPU
		{BE4A18DD-CBCB-4060-825F-4E9BD821015D}.Release|iPhone.Build.0 = Release|Any CPU
		{BE4A18DD-CBCB-4060-825F-4E9BD821015D}.Ad-Hoc|iPhone.ActiveCfg = Debug|Any CPU
		{BE4A18DD-CBCB-4060-825F-4E9BD821015D}.Ad-Hoc|iPhone.Build.0 = Debug|Any CPU
		{BE4A18DD-CBCB-4060-825F-4E9BD821015D}.AppStore|iPhone.ActiveCfg = Debug|Any CPU
		{BE4A18DD-CBCB-4060-825F-4E9BD821015D}.AppStore|iPhone.Build.0 = Debug|Any CPU
	EndGlobalSection
EndGlobal
