
Microsoft Visual Studio Solution File, Format Version 12.00
Project("{FAE04EC0-301F-11D3-BF4B-00C04F79EFBC}") = "Notifications", "Notifications\Notifications\Notifications.csproj", "{446964EC-0D1C-4878-882A-BCA4C71FC6B1}"
EndProject
Project("{FAE04EC0-301F-11D3-BF4B-00C04F79EFBC}") = "Notifications.Droid", "Notifications\Notifications.Droid\Notifications.Droid.csproj", "{0BC19B5A-701A-4EAD-946D-F2A74F2E90D0}"
EndProject
Project("{FAE04EC0-301F-11D3-BF4B-00C04F79EFBC}") = "Notifications.iOS", "Notifications\Notifications.iOS\Notifications.iOS.csproj", "{89DFFCF5-FAED-40E8-ADFB-BF76BB4E9F14}"
EndProject
Global
	GlobalSection(SolutionConfigurationPlatforms) = preSolution
		Ad-Hoc|iPhone = Ad-Hoc|iPhone
		AppStore|iPhone = AppStore|iPhone
		Debug|Any CPU = Debug|Any CPU
		Debug|iPhone = Debug|iPhone
		Debug|iPhoneSimulator = Debug|iPhoneSimulator
		Release|Any CPU = Release|Any CPU
		Release|iPhone = Release|iPhone
		Release|iPhoneSimulator = Release|iPhoneSimulator
	EndGlobalSection
	GlobalSection(ProjectConfigurationPlatforms) = postSolution
		{446964EC-0D1C-4878-882A-BCA4C71FC6B1}.Ad-Hoc|iPhone.ActiveCfg = Debug|Any CPU
		{446964EC-0D1C-4878-882A-BCA4C71FC6B1}.Ad-Hoc|iPhone.Build.0 = Debug|Any CPU
		{446964EC-0D1C-4878-882A-BCA4C71FC6B1}.AppStore|iPhone.ActiveCfg = Debug|Any CPU
		{446964EC-0D1C-4878-882A-BCA4C71FC6B1}.AppStore|iPhone.Build.0 = Debug|Any CPU
		{446964EC-0D1C-4878-882A-BCA4C71FC6B1}.Debug|Any CPU.ActiveCfg = Debug|Any CPU
		{446964EC-0D1C-4878-882A-BCA4C71FC6B1}.Debug|Any CPU.Build.0 = Debug|Any CPU
		{446964EC-0D1C-4878-882A-BCA4C71FC6B1}.Debug|iPhone.ActiveCfg = Debug|Any CPU
		{446964EC-0D1C-4878-882A-BCA4C71FC6B1}.Debug|iPhone.Build.0 = Debug|Any CPU
		{446964EC-0D1C-4878-882A-BCA4C71FC6B1}.Debug|iPhoneSimulator.ActiveCfg = Debug|Any CPU
		{446964EC-0D1C-4878-882A-BCA4C71FC6B1}.Debug|iPhoneSimulator.Build.0 = Debug|Any CPU
		{446964EC-0D1C-4878-882A-BCA4C71FC6B1}.Release|Any CPU.ActiveCfg = Release|Any CPU
		{446964EC-0D1C-4878-882A-BCA4C71FC6B1}.Release|Any CPU.Build.0 = Release|Any CPU
		{446964EC-0D1C-4878-882A-BCA4C71FC6B1}.Release|iPhone.ActiveCfg = Release|Any CPU
		{446964EC-0D1C-4878-882A-BCA4C71FC6B1}.Release|iPhone.Build.0 = Release|Any CPU
		{446964EC-0D1C-4878-882A-BCA4C71FC6B1}.Release|iPhoneSimulator.ActiveCfg = Release|Any CPU
		{446964EC-0D1C-4878-882A-BCA4C71FC6B1}.Release|iPhoneSimulator.Build.0 = Release|Any CPU
		{0BC19B5A-701A-4EAD-946D-F2A74F2E90D0}.Ad-Hoc|iPhone.ActiveCfg = Debug|Any CPU
		{0BC19B5A-701A-4EAD-946D-F2A74F2E90D0}.Ad-Hoc|iPhone.Build.0 = Debug|Any CPU
		{0BC19B5A-701A-4EAD-946D-F2A74F2E90D0}.Ad-Hoc|iPhone.Deploy.0 = Debug|Any CPU
		{0BC19B5A-701A-4EAD-946D-F2A74F2E90D0}.AppStore|iPhone.ActiveCfg = Debug|Any CPU
		{0BC19B5A-701A-4EAD-946D-F2A74F2E90D0}.AppStore|iPhone.Build.0 = Debug|Any CPU
		{0BC19B5A-701A-4EAD-946D-F2A74F2E90D0}.AppStore|iPhone.Deploy.0 = Debug|Any CPU
		{0BC19B5A-701A-4EAD-946D-F2A74F2E90D0}.Debug|Any CPU.ActiveCfg = Debug|Any CPU
		{0BC19B5A-701A-4EAD-946D-F2A74F2E90D0}.Debug|Any CPU.Build.0 = Debug|Any CPU
		{0BC19B5A-701A-4EAD-946D-F2A74F2E90D0}.Debug|Any CPU.Deploy.0 = Debug|Any CPU
		{0BC19B5A-701A-4EAD-946D-F2A74F2E90D0}.Debug|iPhone.ActiveCfg = Debug|Any CPU
		{0BC19B5A-701A-4EAD-946D-F2A74F2E90D0}.Debug|iPhone.Build.0 = Debug|Any CPU
		{0BC19B5A-701A-4EAD-946D-F2A74F2E90D0}.Debug|iPhone.Deploy.0 = Debug|Any CPU
		{0BC19B5A-701A-4EAD-946D-F2A74F2E90D0}.Debug|iPhoneSimulator.ActiveCfg = Debug|Any CPU
		{0BC19B5A-701A-4EAD-946D-F2A74F2E90D0}.Debug|iPhoneSimulator.Build.0 = Debug|Any CPU
		{0BC19B5A-701A-4EAD-946D-F2A74F2E90D0}.Debug|iPhoneSimulator.Deploy.0 = Debug|Any CPU
		{0BC19B5A-701A-4EAD-946D-F2A74F2E90D0}.Release|Any CPU.ActiveCfg = Release|Any CPU
		{0BC19B5A-701A-4EAD-946D-F2A74F2E90D0}.Release|Any CPU.Build.0 = Release|Any CPU
		{0BC19B5A-701A-4EAD-946D-F2A74F2E90D0}.Release|Any CPU.Deploy.0 = Release|Any CPU
		{0BC19B5A-701A-4EAD-946D-F2A74F2E90D0}.Release|iPhone.ActiveCfg = Release|Any CPU
		{0BC19B5A-701A-4EAD-946D-F2A74F2E90D0}.Release|iPhone.Build.0 = Release|Any CPU
		{0BC19B5A-701A-4EAD-946D-F2A74F2E90D0}.Release|iPhone.Deploy.0 = Release|Any CPU
		{0BC19B5A-701A-4EAD-946D-F2A74F2E90D0}.Release|iPhoneSimulator.ActiveCfg = Release|Any CPU
		{0BC19B5A-701A-4EAD-946D-F2A74F2E90D0}.Release|iPhoneSimulator.Build.0 = Release|Any CPU
		{0BC19B5A-701A-4EAD-946D-F2A74F2E90D0}.Release|iPhoneSimulator.Deploy.0 = Release|Any CPU
		{89DFFCF5-FAED-40E8-ADFB-BF76BB4E9F14}.Ad-Hoc|iPhone.ActiveCfg = Ad-Hoc|iPhone
		{89DFFCF5-FAED-40E8-ADFB-BF76BB4E9F14}.Ad-Hoc|iPhone.Build.0 = Ad-Hoc|iPhone
		{89DFFCF5-FAED-40E8-ADFB-BF76BB4E9F14}.Ad-Hoc|iPhone.Deploy.0 = Ad-Hoc|iPhone
		{89DFFCF5-FAED-40E8-ADFB-BF76BB4E9F14}.AppStore|iPhone.ActiveCfg = AppStore|iPhone
		{89DFFCF5-FAED-40E8-ADFB-BF76BB4E9F14}.AppStore|iPhone.Build.0 = AppStore|iPhone
		{89DFFCF5-FAED-40E8-ADFB-BF76BB4E9F14}.AppStore|iPhone.Deploy.0 = AppStore|iPhone
		{89DFFCF5-FAED-40E8-ADFB-BF76BB4E9F14}.Debug|Any CPU.ActiveCfg = Debug|iPhoneSimulator
		{89DFFCF5-FAED-40E8-ADFB-BF76BB4E9F14}.Debug|Any CPU.Build.0 = Debug|iPhoneSimulator
		{89DFFCF5-FAED-40E8-ADFB-BF76BB4E9F14}.Debug|Any CPU.Deploy.0 = Debug|iPhoneSimulator
		{89DFFCF5-FAED-40E8-ADFB-BF76BB4E9F14}.Debug|iPhone.ActiveCfg = Debug|iPhone
		{89DFFCF5-FAED-40E8-ADFB-BF76BB4E9F14}.Debug|iPhone.Build.0 = Debug|iPhone
		{89DFFCF5-FAED-40E8-ADFB-BF76BB4E9F14}.Debug|iPhone.Deploy.0 = Debug|iPhone
		{89DFFCF5-FAED-40E8-ADFB-BF76BB4E9F14}.Debug|iPhoneSimulator.ActiveCfg = Debug|iPhoneSimulator
		{89DFFCF5-FAED-40E8-ADFB-BF76BB4E9F14}.Debug|iPhoneSimulator.Build.0 = Debug|iPhoneSimulator
		{89DFFCF5-FAED-40E8-ADFB-BF76BB4E9F14}.Debug|iPhoneSimulator.Deploy.0 = Debug|iPhoneSimulator
		{89DFFCF5-FAED-40E8-ADFB-BF76BB4E9F14}.Release|Any CPU.ActiveCfg = Release|iPhoneSimulator
		{89DFFCF5-FAED-40E8-ADFB-BF76BB4E9F14}.Release|Any CPU.Build.0 = Release|iPhoneSimulator
		{89DFFCF5-FAED-40E8-ADFB-BF76BB4E9F14}.Release|Any CPU.Deploy.0 = Release|iPhoneSimulator
		{89DFFCF5-FAED-40E8-ADFB-BF76BB4E9F14}.Release|iPhone.ActiveCfg = Release|iPhone
		{89DFFCF5-FAED-40E8-ADFB-BF76BB4E9F14}.Release|iPhone.Build.0 = Release|iPhone
		{89DFFCF5-FAED-40E8-ADFB-BF76BB4E9F14}.Release|iPhone.Deploy.0 = Release|iPhone
		{89DFFCF5-FAED-40E8-ADFB-BF76BB4E9F14}.Release|iPhoneSimulator.ActiveCfg = Release|iPhoneSimulator
		{89DFFCF5-FAED-40E8-ADFB-BF76BB4E9F14}.Release|iPhoneSimulator.Build.0 = Release|iPhoneSimulator
		{89DFFCF5-FAED-40E8-ADFB-BF76BB4E9F14}.Release|iPhoneSimulator.Deploy.0 = Release|iPhoneSimulator
	EndGlobalSection
EndGlobal
