
Microsoft Visual Studio Solution File, Format Version 12.00
# Visual Studio 15
Project("{FAE04EC0-301F-11D3-BF4B-00C04F79EFBC}") = "BounceSquare.Android", "BounceSquare.Android\BounceSquare.Android.csproj", "{92C702DD-9354-47AC-ACA2-61E597B61BA6}"
EndProject
Project("{FAE04EC0-301F-11D3-BF4B-00C04F79EFBC}") = "BounceSquare.iOS", "BounceSquare.iOS\BounceSquare.iOS.csproj", "{7D2E46BD-F231-4526-89B5-9907137F7549}"
EndProject
Project("{FAE04EC0-301F-11D3-BF4B-00C04F79EFBC}") = "BounceSquare", "BounceSquare\BounceSquare.csproj", "{EE45672B-E040-4C97-A815-A911D6373143}"
EndProject
Global
	GlobalSection(SolutionConfigurationPlatforms) = preSolution
		Debug|Any CPU = Debug|Any CPU
		Release|Any CPU = Release|Any CPU
		Debug|iPhoneSimulator = Debug|iPhoneSimulator
		Release|iPhoneSimulator = Release|iPhoneSimulator
		Debug|iPhone = Debug|iPhone
		Release|iPhone = Release|iPhone
	EndGlobalSection
	GlobalSection(ProjectConfigurationPlatforms) = postSolution
		{92C702DD-9354-47AC-ACA2-61E597B61BA6}.Debug|Any CPU.ActiveCfg = Debug|Any CPU
		{92C702DD-9354-47AC-ACA2-61E597B61BA6}.Debug|Any CPU.Build.0 = Debug|Any CPU
		{92C702DD-9354-47AC-ACA2-61E597B61BA6}.Release|Any CPU.ActiveCfg = Release|Any CPU
		{92C702DD-9354-47AC-ACA2-61E597B61BA6}.Release|Any CPU.Build.0 = Release|Any CPU
		{92C702DD-9354-47AC-ACA2-61E597B61BA6}.Debug|iPhoneSimulator.ActiveCfg = Debug|Any CPU
		{92C702DD-9354-47AC-ACA2-61E597B61BA6}.Debug|iPhoneSimulator.Build.0 = Debug|Any CPU
		{92C702DD-9354-47AC-ACA2-61E597B61BA6}.Release|iPhoneSimulator.ActiveCfg = Release|Any CPU
		{92C702DD-9354-47AC-ACA2-61E597B61BA6}.Release|iPhoneSimulator.Build.0 = Release|Any CPU
		{92C702DD-9354-47AC-ACA2-61E597B61BA6}.Debug|iPhone.ActiveCfg = Debug|Any CPU
		{92C702DD-9354-47AC-ACA2-61E597B61BA6}.Debug|iPhone.Build.0 = Debug|Any CPU
		{92C702DD-9354-47AC-ACA2-61E597B61BA6}.Release|iPhone.ActiveCfg = Release|Any CPU
		{92C702DD-9354-47AC-ACA2-61E597B61BA6}.Release|iPhone.Build.0 = Release|Any CPU
		{7D2E46BD-F231-4526-89B5-9907137F7549}.Debug|Any CPU.ActiveCfg = Debug|iPhoneSimulator
		{7D2E46BD-F231-4526-89B5-9907137F7549}.Debug|Any CPU.Build.0 = Debug|iPhoneSimulator
		{7D2E46BD-F231-4526-89B5-9907137F7549}.Release|Any CPU.ActiveCfg = Release|iPhoneSimulator
		{7D2E46BD-F231-4526-89B5-9907137F7549}.Release|Any CPU.Build.0 = Release|iPhoneSimulator
		{7D2E46BD-F231-4526-89B5-9907137F7549}.Debug|iPhoneSimulator.ActiveCfg = Debug|iPhoneSimulator
		{7D2E46BD-F231-4526-89B5-9907137F7549}.Debug|iPhoneSimulator.Build.0 = Debug|iPhoneSimulator
		{7D2E46BD-F231-4526-89B5-9907137F7549}.Release|iPhoneSimulator.ActiveCfg = Release|iPhoneSimulator
		{7D2E46BD-F231-4526-89B5-9907137F7549}.Release|iPhoneSimulator.Build.0 = Release|iPhoneSimulator
		{7D2E46BD-F231-4526-89B5-9907137F7549}.Debug|iPhone.ActiveCfg = Debug|iPhone
		{7D2E46BD-F231-4526-89B5-9907137F7549}.Debug|iPhone.Build.0 = Debug|iPhone
		{7D2E46BD-F231-4526-89B5-9907137F7549}.Release|iPhone.ActiveCfg = Release|iPhone
		{7D2E46BD-F231-4526-89B5-9907137F7549}.Release|iPhone.Build.0 = Release|iPhone
		{EE45672B-E040-4C97-A815-A911D6373143}.Debug|Any CPU.ActiveCfg = Debug|Any CPU
		{EE45672B-E040-4C97-A815-A911D6373143}.Debug|Any CPU.Build.0 = Debug|Any CPU
		{EE45672B-E040-4C97-A815-A911D6373143}.Release|Any CPU.ActiveCfg = Release|Any CPU
		{EE45672B-E040-4C97-A815-A911D6373143}.Release|Any CPU.Build.0 = Release|Any CPU
		{EE45672B-E040-4C97-A815-A911D6373143}.Debug|iPhoneSimulator.ActiveCfg = Debug|Any CPU
		{EE45672B-E040-4C97-A815-A911D6373143}.Debug|iPhoneSimulator.Build.0 = Debug|Any CPU
		{EE45672B-E040-4C97-A815-A911D6373143}.Release|iPhoneSimulator.ActiveCfg = Release|Any CPU
		{EE45672B-E040-4C97-A815-A911D6373143}.Release|iPhoneSimulator.Build.0 = Release|Any CPU
		{EE45672B-E040-4C97-A815-A911D6373143}.Debug|iPhone.ActiveCfg = Debug|Any CPU
		{EE45672B-E040-4C97-A815-A911D6373143}.Debug|iPhone.Build.0 = Debug|Any CPU
		{EE45672B-E040-4C97-A815-A911D6373143}.Release|iPhone.ActiveCfg = Release|Any CPU
		{EE45672B-E040-4C97-A815-A911D6373143}.Release|iPhone.Build.0 = Release|Any CPU
	EndGlobalSection
EndGlobal
