
Microsoft Visual Studio Solution File, Format Version 12.00
# Visual Studio 15
Project("{FAE04EC0-301F-11D3-BF4B-00C04F79EFBC}") = "MyWeatherApp.Android", "MyWeatherApp.Android\MyWeatherApp.Android.csproj", "{E5456143-2A33-4B98-901F-393213FA06EB}"
EndProject
Project("{FAE04EC0-301F-11D3-BF4B-00C04F79EFBC}") = "MyWeatherApp.iOS", "MyWeatherApp.iOS\MyWeatherApp.iOS.csproj", "{6AF5BBD4-3C60-472F-A77C-E6A7AAC3474C}"
EndProject
Project("{FAE04EC0-301F-11D3-BF4B-00C04F79EFBC}") = "MyWeatherApp", "MyWeatherApp\MyWeatherApp.csproj", "{90C3F9A5-290B-4651-AF3F-7BBE1C9C1462}"
EndProject
Global
	GlobalSection(SolutionConfigurationPlatforms) = preSolution
		Debug|Any CPU = Debug|Any CPU
		Release|Any CPU = Release|Any CPU
		Debug|iPhoneSimulator = Debug|iPhoneSimulator
		Release|iPhoneSimulator = Release|iPhoneSimulator
		Debug|iPhone = Debug|iPhone
		Release|iPhone = Release|iPhone
	EndGlobalSection
	GlobalSection(ProjectConfigurationPlatforms) = postSolution
		{E5456143-2A33-4B98-901F-393213FA06EB}.Debug|Any CPU.ActiveCfg = Debug|Any CPU
		{E5456143-2A33-4B98-901F-393213FA06EB}.Debug|Any CPU.Build.0 = Debug|Any CPU
		{E5456143-2A33-4B98-901F-393213FA06EB}.Release|Any CPU.ActiveCfg = Release|Any CPU
		{E5456143-2A33-4B98-901F-393213FA06EB}.Release|Any CPU.Build.0 = Release|Any CPU
		{E5456143-2A33-4B98-901F-393213FA06EB}.Debug|iPhoneSimulator.ActiveCfg = Debug|Any CPU
		{E5456143-2A33-4B98-901F-393213FA06EB}.Debug|iPhoneSimulator.Build.0 = Debug|Any CPU
		{E5456143-2A33-4B98-901F-393213FA06EB}.Release|iPhoneSimulator.ActiveCfg = Release|Any CPU
		{E5456143-2A33-4B98-901F-393213FA06EB}.Release|iPhoneSimulator.Build.0 = Release|Any CPU
		{E5456143-2A33-4B98-901F-393213FA06EB}.Debug|iPhone.ActiveCfg = Debug|Any CPU
		{E5456143-2A33-4B98-901F-393213FA06EB}.Debug|iPhone.Build.0 = Debug|Any CPU
		{E5456143-2A33-4B98-901F-393213FA06EB}.Release|iPhone.ActiveCfg = Release|Any CPU
		{E5456143-2A33-4B98-901F-393213FA06EB}.Release|iPhone.Build.0 = Release|Any CPU
		{6AF5BBD4-3C60-472F-A77C-E6A7AAC3474C}.Debug|Any CPU.ActiveCfg = Debug|iPhoneSimulator
		{6AF5BBD4-3C60-472F-A77C-E6A7AAC3474C}.Debug|Any CPU.Build.0 = Debug|iPhoneSimulator
		{6AF5BBD4-3C60-472F-A77C-E6A7AAC3474C}.Release|Any CPU.ActiveCfg = Release|iPhoneSimulator
		{6AF5BBD4-3C60-472F-A77C-E6A7AAC3474C}.Release|Any CPU.Build.0 = Release|iPhoneSimulator
		{6AF5BBD4-3C60-472F-A77C-E6A7AAC3474C}.Debug|iPhoneSimulator.ActiveCfg = Debug|iPhoneSimulator
		{6AF5BBD4-3C60-472F-A77C-E6A7AAC3474C}.Debug|iPhoneSimulator.Build.0 = Debug|iPhoneSimulator
		{6AF5BBD4-3C60-472F-A77C-E6A7AAC3474C}.Release|iPhoneSimulator.ActiveCfg = Release|iPhoneSimulator
		{6AF5BBD4-3C60-472F-A77C-E6A7AAC3474C}.Release|iPhoneSimulator.Build.0 = Release|iPhoneSimulator
		{6AF5BBD4-3C60-472F-A77C-E6A7AAC3474C}.Debug|iPhone.ActiveCfg = Debug|iPhone
		{6AF5BBD4-3C60-472F-A77C-E6A7AAC3474C}.Debug|iPhone.Build.0 = Debug|iPhone
		{6AF5BBD4-3C60-472F-A77C-E6A7AAC3474C}.Release|iPhone.ActiveCfg = Release|iPhone
		{6AF5BBD4-3C60-472F-A77C-E6A7AAC3474C}.Release|iPhone.Build.0 = Release|iPhone
		{90C3F9A5-290B-4651-AF3F-7BBE1C9C1462}.Debug|Any CPU.ActiveCfg = Debug|Any CPU
		{90C3F9A5-290B-4651-AF3F-7BBE1C9C1462}.Debug|Any CPU.Build.0 = Debug|Any CPU
		{90C3F9A5-290B-4651-AF3F-7BBE1C9C1462}.Release|Any CPU.ActiveCfg = Release|Any CPU
		{90C3F9A5-290B-4651-AF3F-7BBE1C9C1462}.Release|Any CPU.Build.0 = Release|Any CPU
		{90C3F9A5-290B-4651-AF3F-7BBE1C9C1462}.Debug|iPhoneSimulator.ActiveCfg = Debug|Any CPU
		{90C3F9A5-290B-4651-AF3F-7BBE1C9C1462}.Debug|iPhoneSimulator.Build.0 = Debug|Any CPU
		{90C3F9A5-290B-4651-AF3F-7BBE1C9C1462}.Release|iPhoneSimulator.ActiveCfg = Release|Any CPU
		{90C3F9A5-290B-4651-AF3F-7BBE1C9C1462}.Release|iPhoneSimulator.Build.0 = Release|Any CPU
		{90C3F9A5-290B-4651-AF3F-7BBE1C9C1462}.Debug|iPhone.ActiveCfg = Debug|Any CPU
		{90C3F9A5-290B-4651-AF3F-7BBE1C9C1462}.Debug|iPhone.Build.0 = Debug|Any CPU
		{90C3F9A5-290B-4651-AF3F-7BBE1C9C1462}.Release|iPhone.ActiveCfg = Release|Any CPU
		{90C3F9A5-290B-4651-AF3F-7BBE1C9C1462}.Release|iPhone.Build.0 = Release|Any CPU
	EndGlobalSection
EndGlobal
